
Microsoft Visual Studio Solution File, Format Version 12.00
# Visual Studio Version 16
VisualStudioVersion = 16.0.30204.135
MinimumVisualStudioVersion = 10.0.40219.1
Project("{FAE04EC0-301F-11D3-BF4B-00C04F79EFBC}") = "AutoDatabase", "AutoDatabase.csproj", "{4E406397-3D99-4ED6-B651-51C756B99743}"
EndProject
Global
	GlobalSection(SolutionConfigurationPlatforms) = preSolution
		Debug|Any CPU = Debug|Any CPU
		Release|Any CPU = Release|Any CPU
	EndGlobalSection
	GlobalSection(ProjectConfigurationPlatforms) = postSolution
		{4E406397-3D99-4ED6-B651-51C756B99743}.Debug|Any CPU.ActiveCfg = Debug|Any CPU
		{4E406397-3D99-4ED6-B651-51C756B99743}.Debug|Any CPU.Build.0 = Debug|Any CPU
		{4E406397-3D99-4ED6-B651-51C756B99743}.Release|Any CPU.ActiveCfg = Release|Any CPU
		{4E406397-3D99-4ED6-B651-51C756B99743}.Release|Any CPU.Build.0 = Release|Any CPU
	EndGlobalSection
	GlobalSection(SolutionProperties) = preSolution
		HideSolutionNode = FALSE
	EndGlobalSection
	GlobalSection(ExtensibilityGlobals) = postSolution
		SolutionGuid = {CF603F8A-6096-4D59-A4DE-35EFB6342340}
	EndGlobalSection
EndGlobal
